
Microsoft Visual Studio Solution File, Format Version 12.00
# Visual Studio Version 16
VisualStudioVersion = 16.0.30717.126
MinimumVisualStudioVersion = 10.0.40219.1
Project("{FAE04EC0-301F-11D3-BF4B-00C04F79EFBC}") = "Example", "Example\Example.csproj", "{BD61624C-9547-48B6-B8E9-342EFA2132EB}"
EndProject
Global
	GlobalSection(SolutionConfigurationPlatforms) = preSolution
		Debug|Any CPU = Debug|Any CPU
		Release|Any CPU = Release|Any CPU
	EndGlobalSection
	GlobalSection(ProjectConfigurationPlatforms) = postSolution
		{BD61624C-9547-48B6-B8E9-342EFA2132EB}.Debug|Any CPU.ActiveCfg = Debug|Any CPU
		{BD61624C-9547-48B6-B8E9-342EFA2132EB}.Debug|Any CPU.Build.0 = Debug|Any CPU
		{BD61624C-9547-48B6-B8E9-342EFA2132EB}.Release|Any CPU.ActiveCfg = Release|Any CPU
		{BD61624C-9547-48B6-B8E9-342EFA2132EB}.Release|Any CPU.Build.0 = Release|Any CPU
	EndGlobalSection
	GlobalSection(SolutionProperties) = preSolution
		HideSolutionNode = FALSE
	EndGlobalSection
	GlobalSection(ExtensibilityGlobals) = postSolution
		SolutionGuid = {C7EC5C73-C6DD-4160-9C16-8BCBB1A69F24}
	EndGlobalSection
EndGlobal
